
Microsoft Visual Studio Solution File, Format Version 12.00
# Visual Studio 14
VisualStudioVersion = 14.0.25420.1
MinimumVisualStudioVersion = 10.0.40219.1
Project("{FAE04EC0-301F-11D3-BF4B-00C04F79EFBC}") = "EmptyUWPWithFarseer", "EmptyUWPWithFarseer\EmptyUWPWithFarseer.csproj", "{A237231D-0498-41D5-8FA5-9B8D6F87F5B5}"
EndProject
Project("{FAE04EC0-301F-11D3-BF4B-00C04F79EFBC}") = "FarseerPhysics", "FarseerPhysics\FarseerPhysics.csproj", "{BFC2867A-3EA3-48D6-8460-CFE94A461C82}"
EndProject
Global
	GlobalSection(SolutionConfigurationPlatforms) = preSolution
		Debug|Any CPU = Debug|Any CPU
		Debug|ARM = Debug|ARM
		Debug|x64 = Debug|x64
		Debug|x86 = Debug|x86
		Release|Any CPU = Release|Any CPU
		Release|ARM = Release|ARM
		Release|x64 = Release|x64
		Release|x86 = Release|x86
	EndGlobalSection
	GlobalSection(ProjectConfigurationPlatforms) = postSolution
		{A237231D-0498-41D5-8FA5-9B8D6F87F5B5}.Debug|Any CPU.ActiveCfg = Debug|x86
		{A237231D-0498-41D5-8FA5-9B8D6F87F5B5}.Debug|ARM.ActiveCfg = Debug|ARM
		{A237231D-0498-41D5-8FA5-9B8D6F87F5B5}.Debug|ARM.Build.0 = Debug|ARM
		{A237231D-0498-41D5-8FA5-9B8D6F87F5B5}.Debug|ARM.Deploy.0 = Debug|ARM
		{A237231D-0498-41D5-8FA5-9B8D6F87F5B5}.Debug|x64.ActiveCfg = Debug|x64
		{A237231D-0498-41D5-8FA5-9B8D6F87F5B5}.Debug|x64.Build.0 = Debug|x64
		{A237231D-0498-41D5-8FA5-9B8D6F87F5B5}.Debug|x64.Deploy.0 = Debug|x64
		{A237231D-0498-41D5-8FA5-9B8D6F87F5B5}.Debug|x86.ActiveCfg = Debug|x86
		{A237231D-0498-41D5-8FA5-9B8D6F87F5B5}.Debug|x86.Build.0 = Debug|x86
		{A237231D-0498-41D5-8FA5-9B8D6F87F5B5}.Debug|x86.Deploy.0 = Debug|x86
		{A237231D-0498-41D5-8FA5-9B8D6F87F5B5}.Release|Any CPU.ActiveCfg = Release|x86
		{A237231D-0498-41D5-8FA5-9B8D6F87F5B5}.Release|ARM.ActiveCfg = Release|ARM
		{A237231D-0498-41D5-8FA5-9B8D6F87F5B5}.Release|ARM.Build.0 = Release|ARM
		{A237231D-0498-41D5-8FA5-9B8D6F87F5B5}.Release|ARM.Deploy.0 = Release|ARM
		{A237231D-0498-41D5-8FA5-9B8D6F87F5B5}.Release|x64.ActiveCfg = Release|x64
		{A237231D-0498-41D5-8FA5-9B8D6F87F5B5}.Release|x64.Build.0 = Release|x64
		{A237231D-0498-41D5-8FA5-9B8D6F87F5B5}.Release|x64.Deploy.0 = Release|x64
		{A237231D-0498-41D5-8FA5-9B8D6F87F5B5}.Release|x86.ActiveCfg = Release|x86
		{A237231D-0498-41D5-8FA5-9B8D6F87F5B5}.Release|x86.Build.0 = Release|x86
		{A237231D-0498-41D5-8FA5-9B8D6F87F5B5}.Release|x86.Deploy.0 = Release|x86
		{BFC2867A-3EA3-48D6-8460-CFE94A461C82}.Debug|Any CPU.ActiveCfg = Debug|Any CPU
		{BFC2867A-3EA3-48D6-8460-CFE94A461C82}.Debug|Any CPU.Build.0 = Debug|Any CPU
		{BFC2867A-3EA3-48D6-8460-CFE94A461C82}.Debug|ARM.ActiveCfg = Debug|ARM
		{BFC2867A-3EA3-48D6-8460-CFE94A461C82}.Debug|ARM.Build.0 = Debug|ARM
		{BFC2867A-3EA3-48D6-8460-CFE94A461C82}.Debug|x64.ActiveCfg = Debug|x64
		{BFC2867A-3EA3-48D6-8460-CFE94A461C82}.Debug|x64.Build.0 = Debug|x64
		{BFC2867A-3EA3-48D6-8460-CFE94A461C82}.Debug|x86.ActiveCfg = Debug|x86
		{BFC2867A-3EA3-48D6-8460-CFE94A461C82}.Debug|x86.Build.0 = Debug|x86
		{BFC2867A-3EA3-48D6-8460-CFE94A461C82}.Release|Any CPU.ActiveCfg = Release|Any CPU
		{BFC2867A-3EA3-48D6-8460-CFE94A461C82}.Release|Any CPU.Build.0 = Release|Any CPU
		{BFC2867A-3EA3-48D6-8460-CFE94A461C82}.Release|ARM.ActiveCfg = Release|ARM
		{BFC2867A-3EA3-48D6-8460-CFE94A461C82}.Release|ARM.Build.0 = Release|ARM
		{BFC2867A-3EA3-48D6-8460-CFE94A461C82}.Release|x64.ActiveCfg = Release|x64
		{BFC2867A-3EA3-48D6-8460-CFE94A461C82}.Release|x64.Build.0 = Release|x64
		{BFC2867A-3EA3-48D6-8460-CFE94A461C82}.Release|x86.ActiveCfg = Release|x86
		{BFC2867A-3EA3-48D6-8460-CFE94A461C82}.Release|x86.Build.0 = Release|x86
	EndGlobalSection
	GlobalSection(SolutionProperties) = preSolution
		HideSolutionNode = FALSE
	EndGlobalSection
EndGlobal
